lockfileVersion: '6.0'

settings:
  autoInstallPeers: true
  excludeLinksFromLockfile: false

dependencies:
  prettier:
    specifier: ^3.3.2
    version: 3.3.2
  prettier-quick:
    specifier: ^0.0.5
    version: 0.0.5

packages:

  /prettier-quick@0.0.5:
    resolution: {integrity: sha512-5zOMSPAK7JQMNWjtxAy35XPgRN8TQY+khgpNhznQ30Zsv6V0hOIjre8X5cTrtdqa3NKZWWF1+TNS5+1LX/3a0w==}
    dev: false

  /prettier@3.3.2:
    resolution: {integrity: sha512-rAVeHYMcv8ATV5d508CFdn+8/pHPpXeIid1DdrPwXnaAdH7cqjVbpJaT5eq4yRAFU/lsbwYwSF/n5iNrdJHPQA==}
    engines: {node: '>=14'}
    hasBin: true
    dev: false
